<?xml version="1.0" encoding="utf-8"?>
<Project ToolsVersion="4.0" xmlns="http://schemas.microsoft.com/developer/msbuild/2003">
  <ItemGroup>
    <Filter Include="소스 파일">
      <UniqueIdentifier>{4FC737F1-C7A5-4376-A066-2A32D752A2FF}</UniqueIdentifier>
      <Extensions>cpp;c;cc;cxx;c++;cppm;ixx;def;odl;idl;hpj;bat;asm;asmx</Extensions>
    </Filter>
    <Filter Include="헤더 파일">
      <UniqueIdentifier>{93995380-89BD-4b04-88EB-625FBE52EBFB}</UniqueIdentifier>
      <Extensions>h;hh;hpp;hxx;h++;hm;inl;inc;ipp;xsd</Extensions>
    </Filter>
    <Filter Include="리소스 파일">
      <UniqueIdentifier>{67DA6AB6-F800-4c08-8B7A-83BB121AAD01}</UniqueIdentifier>
      <Extensions>rc;ico;cur;bmp;dlg;rc2;rct;bin;rgs;gif;jpg;jpeg;jpe;resx;tiff;tif;png;wav;mfcribbon-ms</Extensions>
    </Filter>
  </ItemGroup>
  <ItemGroup>
    <ClCompile Include="VoIPServer.cpp">
      <Filter>소스 파일</Filter>
    </ClCompile>
    <ClCompile Include="session\SessionManager.cpp">
      <Filter>소스 파일</Filter>
    </ClCompile>
    <ClCompile Include="session\AccountManager.cpp">
      <Filter>소스 파일</Filter>
    </ClCompile>
    <ClCompile Include="session\TelephonyManager.cpp">
      <Filter>소스 파일</Filter>
    </ClCompile>
    <ClCompile Include="session\Connection.cpp">
      <Filter>소스 파일</Filter>
    </ClCompile>
    <ClCompile Include="session\DatabaseManager.cpp">
      <Filter>소스 파일</Filter>
    </ClCompile>
    <ClCompile Include="session\ContactDb.cpp">
      <Filter>소스 파일</Filter>
    </ClCompile>
    <ClCompile Include="session\ConferenceDb.cpp">
      <Filter>소스 파일</Filter>
    </ClCompile>
  </ItemGroup>
  <ItemGroup>
    <ClInclude Include="session\SessionManager.h">
      <Filter>헤더 파일</Filter>
    </ClInclude>
    <ClInclude Include="session\SessionControl.h">
      <Filter>헤더 파일</Filter>
    </ClInclude>
    <ClInclude Include="session\AccountManager.h">
      <Filter>헤더 파일</Filter>
    </ClInclude>
    <ClInclude Include="session\AccountManagerListener.h">
      <Filter>헤더 파일</Filter>
    </ClInclude>
    <ClInclude Include="session\TelephonyManager.h">
      <Filter>헤더 파일</Filter>
    </ClInclude>
    <ClInclude Include="session\TelephonyManagerListener.h">
      <Filter>헤더 파일</Filter>
    </ClInclude>
    <ClInclude Include="session\Connection.h">
      <Filter>헤더 파일</Filter>
    </ClInclude>
    <ClInclude Include="session\ConferenceDb.h">
      <Filter>헤더 파일</Filter>
    </ClInclude>
    <ClInclude Include="session\ContactDb.h">
      <Filter>헤더 파일</Filter>
    </ClInclude>
    <ClInclude Include="session\DatabaseManager.h">
      <Filter>헤더 파일</Filter>
    </ClInclude>
  </ItemGroup>
</Project>